<?xml version="1.0" encoding="utf-8"?>
<Project ToolsVersion="4.0" xmlns="http://schemas.microsoft.com/developer/msbuild/2003">
  <ItemGroup>
    <Filter Include="Исходные файлы">
      <UniqueIdentifier>{4FC737F1-C7A5-4376-A066-2A32D752A2FF}</UniqueIdentifier>
      <Extensions>cpp;c;cc;cxx;c++;cppm;ixx;def;odl;idl;hpj;bat;asm;asmx</Extensions>
    </Filter>
    <Filter Include="Файлы заголовков">
      <UniqueIdentifier>{93995380-89BD-4b04-88EB-625FBE52EBFB}</UniqueIdentifier>
      <Extensions>h;hh;hpp;hxx;h++;hm;inl;inc;ipp;xsd</Extensions>
    </Filter>
    <Filter Include="Файлы ресурсов">
      <UniqueIdentifier>{67DA6AB6-F800-4c08-8B7A-83BB121AAD01}</UniqueIdentifier>
      <Extensions>rc;ico;cur;bmp;dlg;rc2;rct;bin;rgs;gif;jpg;jpeg;jpe;resx;tiff;tif;png;wav;mfcribbon-ms</Extensions>
    </Filter>
  </ItemGroup>
  <ItemGroup>
    <ClCompile Include="Source\main.cpp">
      <Filter>Исходные файлы</Filter>
    </ClCompile>
    <ClCompile Include="Source\Utils\Math\MathConstants.cpp">
      <Filter>Исходные файлы</Filter>
    </ClCompile>
    <ClCompile Include="Source\Utils\Math\MathHelpers.cpp">
      <Filter>Исходные файлы</Filter>
    </ClCompile>
    <ClCompile Include="Source\Utils\Math\Matrix4.cpp">
      <Filter>Исходные файлы</Filter>
    </ClCompile>
    <ClCompile Include="Source\Utils\Math\Quaternion.cpp">
      <Filter>Исходные файлы</Filter>
    </ClCompile>
    <ClCompile Include="Source\Utils\Math\Vector2D.cpp">
      <Filter>Исходные файлы</Filter>
    </ClCompile>
    <ClCompile Include="Source\Utils\Math\Vector3D.cpp">
      <Filter>Исходные файлы</Filter>
    </ClCompile>
    <ClCompile Include="Source\Utils\Math\Vector4.cpp">
      <Filter>Исходные файлы</Filter>
    </ClCompile>
    <ClCompile Include="Source\Engine\Core\Object.cpp">
      <Filter>Исходные файлы</Filter>
    </ClCompile>
    <ClCompile Include="Source\Engine\GameFramework\GameInstance.cpp">
      <Filter>Исходные файлы</Filter>
    </ClCompile>
    <ClCompile Include="Source\Engine\GameFramework\World\World.cpp">
      <Filter>Исходные файлы</Filter>
    </ClCompile>
    <ClCompile Include="Source\Engine\GameFramework\World\Level.cpp">
      <Filter>Исходные файлы</Filter>
    </ClCompile>
    <ClCompile Include="Source\Engine\Core\Engine.cpp">
      <Filter>Исходные файлы</Filter>
    </ClCompile>
    <ClCompile Include="Source\Engine\GameFramework\Actors\Actor.cpp">
      <Filter>Исходные файлы</Filter>
    </ClCompile>
    <ClCompile Include="Source\Engine\Core\ObjectFactory.cpp">
      <Filter>Исходные файлы</Filter>
    </ClCompile>
    <ClCompile Include="Source\Engine\GameFramework\Components\BaseComponent.cpp">
      <Filter>Исходные файлы</Filter>
    </ClCompile>
    <ClCompile Include="Source\Engine\GameFramework\Components\SceneComponent.cpp">
      <Filter>Исходные файлы</Filter>
    </ClCompile>
    <ClCompile Include="Source\Utils\logger.cpp">
      <Filter>Исходные файлы</Filter>
    </ClCompile>
    <ClCompile Include="Source\Engine\GameFramework\Components\TransformComponent.cpp">
      <Filter>Исходные файлы</Filter>
    </ClCompile>
    <ClCompile Include="Source\Engine\GameFramework\Components\Collisions\BaseCollisionComponent.cpp">
      <Filter>Исходные файлы</Filter>
    </ClCompile>
    <ClCompile Include="Source\Engine\Core\Collision.cpp">
      <Filter>Исходные файлы</Filter>
    </ClCompile>
    <ClCompile Include="Source\Engine\Core\CollisionSystem.cpp">
      <Filter>Исходные файлы</Filter>
    </ClCompile>
    <ClCompile Include="Include\tests.cpp">
      <Filter>Исходные файлы</Filter>
    </ClCompile>
    <ClCompile Include="Source\Engine\GameFramework\Components\Collisions\SphereComponent.cpp">
      <Filter>Исходные файлы</Filter>
    </ClCompile>
    <ClCompile Include="Source\Engine\GameFramework\Actors\Pawn.cpp">
      <Filter>Исходные файлы</Filter>
    </ClCompile>
    <ClCompile Include="Source\Engine\GameFramework\Components\InputComponent.cpp">
      <Filter>Исходные файлы</Filter>
    </ClCompile>
    <ClCompile Include="Source\Engine\GameFramework\Camera\CameraComponent.cpp">
      <Filter>Исходные файлы</Filter>
    </ClCompile>
    <ClCompile Include="Source\Engine\GameFramework\GameMode.cpp">
      <Filter>Исходные файлы</Filter>
    </ClCompile>
    <ClCompile Include="Source\Engine\GameFramework\Actors\PlayerController.cpp">
      <Filter>Исходные файлы</Filter>
    </ClCompile>
    <ClCompile Include="Source\Engine\GameFramework\Actors\PlayerStart.cpp">
      <Filter>Исходные файлы</Filter>
    </ClCompile>
    <ClCompile Include="Source\Engine\GameFramework\Actors\HUD.cpp">
      <Filter>Исходные файлы</Filter>
    </ClCompile>
    <ClCompile Include="Source\Engine\GameFramework\Components\Collisions\BoxComponent.cpp">
      <Filter>Исходные файлы</Filter>
    </ClCompile>
    <ClCompile Include="Include\TestCubeActor.cpp">
      <Filter>Исходные файлы</Filter>
    </ClCompile>
    <ClCompile Include="Source\Engine\GameFramework\Components\Collisions\CapsuleComponent.cpp">
      <Filter>Исходные файлы</Filter>
    </ClCompile>
    <ClCompile Include="Source\Engine\GameFramework\Actors\TerrainActor.cpp">
      <Filter>Исходные файлы</Filter>
    </ClCompile>
    <ClCompile Include="Source\Engine\GameFramework\Components\Collisions\TerrainComponent.cpp">
      <Filter>Исходные файлы</Filter>
    </ClCompile>
    <ClCompile Include="Source\Engine\GameFramework\Components\GravityComponent.cpp">
      <Filter>Исходные файлы</Filter>
    </ClCompile>
    <ClCompile Include="Source\Engine\GameFramework\Components\Collisions\CylinderComponent.cpp">
      <Filter>Исходные файлы</Filter>
    </ClCompile>
    <ClCompile Include="Source\Engine\GameFramework\Components\Collisions\ConeComponent.cpp">
      <Filter>Исходные файлы</Filter>
    </ClCompile>
    <ClCompile Include="Source\Engine\Render\VulkanRenderer.cpp">
      <Filter>Исходные файлы</Filter>
    </ClCompile>
    <ClCompile Include="Source\Engine\Render\Vulkan\VulkanContext.cpp">
      <Filter>Исходные файлы</Filter>
    </ClCompile>
    <ClCompile Include="Source\Engine\Render\GLFWWindow.cpp">
      <Filter>Исходные файлы</Filter>
    </ClCompile>
    <ClCompile Include="Source\Engine\Render\Vulkan\InstanceVK.cpp">
      <Filter>Исходные файлы</Filter>
    </ClCompile>
    <ClCompile Include="Source\Engine\Render\Vulkan\VulkanDevice.cpp">
      <Filter>Исходные файлы</Filter>
    </ClCompile>
    <ClCompile Include="Source\Engine\GameFramework\Components\MeshComponent.cpp">
      <Filter>Исходные файлы</Filter>
    </ClCompile>
    <ClCompile Include="Source\Engine\GameFramework\Components\StaticMeshComponent.cpp">
      <Filter>Исходные файлы</Filter>
    </ClCompile>
    <ClCompile Include="Source\Engine\Render\Vulkan\PipelineManager.cpp">
      <Filter>Исходные файлы</Filter>
    </ClCompile>
    <ClCompile Include="Source\Engine\Render\Vulkan\SyncManager.cpp">
      <Filter>Исходные файлы</Filter>
    </ClCompile>
    <ClCompile Include="Source\Engine\Render\Vulkan\CommandManager.cpp">
      <Filter>Исходные файлы</Filter>
    </ClCompile>
    <ClCompile Include="Source\Engine\Render\Vulkan\BufferManager.cpp">
      <Filter>Исходные файлы</Filter>
    </ClCompile>
    <ClCompile Include="Source\Engine\Render\Vulkan\SwapChainManager.cpp">
      <Filter>Исходные файлы</Filter>
    </ClCompile>
    <ClCompile Include="Source\Engine\Render\Vulkan\ImageManager.cpp">
      <Filter>Исходные файлы</Filter>
    </ClCompile>
  </ItemGroup>
  <ItemGroup>
    <ClInclude Include="Include\Utils\Math\CE_MathConstants.h">
      <Filter>Файлы заголовков</Filter>
    </ClInclude>
    <ClInclude Include="Include\Utils\Math\CE_MathHelpers.h">
      <Filter>Файлы заголовков</Filter>
    </ClInclude>
    <ClInclude Include="Include\Utils\Math\Matrix4.h">
      <Filter>Файлы заголовков</Filter>
    </ClInclude>
    <ClInclude Include="Include\Utils\Math\Quaternion.h">
      <Filter>Файлы заголовков</Filter>
    </ClInclude>
    <ClInclude Include="Include\Utils\Math\Vector2D.h">
      <Filter>Файлы заголовков</Filter>
    </ClInclude>
    <ClInclude Include="Include\Utils\Math\Vector3D.h">
      <Filter>Файлы заголовков</Filter>
    </ClInclude>
    <ClInclude Include="Include\Utils\Math\Vector4.h">
      <Filter>Файлы заголовков</Filter>
    </ClInclude>
    <ClInclude Include="Include\CoreMinimal.h">
      <Filter>Файлы заголовков</Filter>
    </ClInclude>
    <ClInclude Include="Include\Utils\Math\MathTypes.h">
      <Filter>Файлы заголовков</Filter>
    </ClInclude>
    <ClInclude Include="Include\Engine\Core\Object.h">
      <Filter>Файлы заголовков</Filter>
    </ClInclude>
    <ClInclude Include="Include\Engine\Core\ObjectFactory.h">
      <Filter>Файлы заголовков</Filter>
    </ClInclude>
    <ClInclude Include="Include\Engine\GameFramework\GameInstance.h">
      <Filter>Файлы заголовков</Filter>
    </ClInclude>
    <ClInclude Include="Include\Engine\GameFramework\World\World.h">
      <Filter>Файлы заголовков</Filter>
    </ClInclude>
    <ClInclude Include="Include\Engine\GameFramework\World\Level.h">
      <Filter>Файлы заголовков</Filter>
    </ClInclude>
    <ClInclude Include="Include\Engine\Core\Engine.h">
      <Filter>Файлы заголовков</Filter>
    </ClInclude>
    <ClInclude Include="Include\Engine\GameFramework\Actors\Actor.h">
      <Filter>Файлы заголовков</Filter>
    </ClInclude>
    <ClInclude Include="Include\Engine\GameFramework\Components\BaseComponent.h">
      <Filter>Файлы заголовков</Filter>
    </ClInclude>
    <ClInclude Include="Include\tests.h">
      <Filter>Файлы заголовков</Filter>
    </ClInclude>
    <ClInclude Include="Include\Engine\GameFramework\Components\SceneComponent.h">
      <Filter>Файлы заголовков</Filter>
    </ClInclude>
    <ClInclude Include="Include\Utils\Logger.h">
      <Filter>Файлы заголовков</Filter>
    </ClInclude>
    <ClInclude Include="Include\Engine\GameFramework\Components\TransformComponent.h">
      <Filter>Файлы заголовков</Filter>
    </ClInclude>
    <ClInclude Include="Include\Engine\GameFramework\Components\Collisions\BaseCollisionComponent.h">
      <Filter>Файлы заголовков</Filter>
    </ClInclude>
    <ClInclude Include="Include\Engine\Core\Collision.h">
      <Filter>Файлы заголовков</Filter>
    </ClInclude>
    <ClInclude Include="Include\Engine\Core\CollisionSystem.h">
      <Filter>Файлы заголовков</Filter>
    </ClInclude>
    <ClInclude Include="Include\Engine\GameFramework\Components\Collisions\SphereComponent.h">
      <Filter>Файлы заголовков</Filter>
    </ClInclude>
    <ClInclude Include="Include\Engine\GameFramework\Actors\Pawn.h">
      <Filter>Файлы заголовков</Filter>
    </ClInclude>
    <ClInclude Include="Include\Engine\GameFramework\Components\InputComponent.h">
      <Filter>Файлы заголовков</Filter>
    </ClInclude>
    <ClInclude Include="Include\Engine\GameFramework\Camera\CameraComponent.h">
      <Filter>Файлы заголовков</Filter>
    </ClInclude>
    <ClInclude Include="Include\Engine\GameFramework\GameMode.h">
      <Filter>Файлы заголовков</Filter>
    </ClInclude>
    <ClInclude Include="Include\Engine\GameFramework\Actors\PlayerController.h">
      <Filter>Файлы заголовков</Filter>
    </ClInclude>
    <ClInclude Include="Include\Engine\GameFramework\Actors\HUD.h">
      <Filter>Файлы заголовков</Filter>
    </ClInclude>
    <ClInclude Include="Include\Engine\GameFramework\Actors\PlayerStart.h">
      <Filter>Файлы заголовков</Filter>
    </ClInclude>
    <ClInclude Include="Include\Engine\GameFramework\GameModeSettings.h">
      <Filter>Файлы заголовков</Filter>
    </ClInclude>
    <ClInclude Include="Include\Engine\GameFramework\Components\Collisions\BoxComponent.h">
      <Filter>Файлы заголовков</Filter>
    </ClInclude>
    <ClInclude Include="Include\TestCubeActor.h">
      <Filter>Файлы заголовков</Filter>
    </ClInclude>
    <ClInclude Include="Include\Engine\GameFramework\Components\Collisions\CapsuleComponent.h">
      <Filter>Файлы заголовков</Filter>
    </ClInclude>
    <ClInclude Include="Include\Engine\GameFramework\Actors\TerrainActor.h">
      <Filter>Файлы заголовков</Filter>
    </ClInclude>
    <ClInclude Include="Include\Engine\GameFramework\Components\Collisions\TerrainComponent.h">
      <Filter>Файлы заголовков</Filter>
    </ClInclude>
    <ClInclude Include="Include\Engine\GameFramework\Components\GravityComponent.h">
      <Filter>Файлы заголовков</Filter>
    </ClInclude>
    <ClInclude Include="Include\Utils\MathGLMConverters.h">
      <Filter>Файлы заголовков</Filter>
    </ClInclude>
    <ClInclude Include="Include\Engine\GameFramework\Components\Collisions\CylinderComponent.h">
      <Filter>Файлы заголовков</Filter>
    </ClInclude>
    <ClInclude Include="Include\Engine\GameFramework\Components\Collisions\ConeComponent.h">
      <Filter>Файлы заголовков</Filter>
    </ClInclude>
    <ClInclude Include="Include\Engine\Render\RenderInterFace.h">
      <Filter>Файлы заголовков</Filter>
    </ClInclude>
    <ClInclude Include="Include\Engine\Render\RenderInfo.h">
      <Filter>Файлы заголовков</Filter>
    </ClInclude>
    <ClInclude Include="Include\Engine\Render\Vulkan\VulkanRenderer.h">
      <Filter>Файлы заголовков</Filter>
    </ClInclude>
    <ClInclude Include="Include\Engine\Render\Vulkan\VulkanContext.h">
      <Filter>Файлы заголовков</Filter>
    </ClInclude>
    <ClInclude Include="Include\Engine\Render\WindowInterface.h">
      <Filter>Файлы заголовков</Filter>
    </ClInclude>
    <ClInclude Include="Include\Engine\Render\GLFWWindow.h">
      <Filter>Файлы заголовков</Filter>
    </ClInclude>
    <ClInclude Include="Include\Engine\Render\Vulkan\InstanceVK.h">
      <Filter>Файлы заголовков</Filter>
    </ClInclude>
    <ClInclude Include="Include\Engine\Render\Vulkan\VulkanDevice.h">
      <Filter>Файлы заголовков</Filter>
    </ClInclude>
    <ClInclude Include="Include\Engine\GameFramework\Components\MeshComponent.h">
      <Filter>Файлы заголовков</Filter>
    </ClInclude>
    <ClInclude Include="Include\Engine\GameFramework\Components\StaticMeshComponent.h">
      <Filter>Файлы заголовков</Filter>
    </ClInclude>
    <ClInclude Include="Include\Engine\Render\Mesh.h">
      <Filter>Файлы заголовков</Filter>
    </ClInclude>
    <ClInclude Include="Include\Engine\Render\Vulkan\PipelineManager.h">
      <Filter>Файлы заголовков</Filter>
    </ClInclude>
    <ClInclude Include="Include\Engine\Render\Vulkan\SyncManager.h">
      <Filter>Файлы заголовков</Filter>
    </ClInclude>
    <ClInclude Include="Include\Engine\Render\Vulkan\CommandManager.h">
      <Filter>Файлы заголовков</Filter>
    </ClInclude>
    <ClInclude Include="Include\Engine\Render\Vulkan\BufferManager.h">
      <Filter>Файлы заголовков</Filter>
    </ClInclude>
    <ClInclude Include="Include\Engine\Render\Vulkan\SwapChainManager.h">
      <Filter>Файлы заголовков</Filter>
    </ClInclude>
    <ClInclude Include="Include\Engine\Render\Vulkan\ImageManager.h">
      <Filter>Файлы заголовков</Filter>
    </ClInclude>
  </ItemGroup>
  <ItemGroup>
    <None Include="USAGE.md" />
    <None Include="BUILD.md" />
    <None Include="CONTRIBUTING.md" />
    <None Include="Assets\Shaders\Mesh.vert" />
    <None Include="Assets\Shaders\Mesh.frag" />
  </ItemGroup>
</Project>